PODS:
  - Leanplum-iOS-SDK (1.3.12)
  - Optimizely-iOS-SDK (1.7.0)
  - Taplytics (2.10.48)

DEPENDENCIES:
  - Leanplum-iOS-SDK
  - Optimizely-iOS-SDK (~> 1.7.0)
  - Taplytics

SPEC CHECKSUMS:
  Leanplum-iOS-SDK: eec48264556f1839684b6d65d48a8da098f2f087
  Optimizely-iOS-SDK: e406016e617f84e823227c52131341dc20721319
  Taplytics: 14a83aec595f8fac93b7d046c65af17314ee1d61

PODFILE CHECKSUM: 9c8ed6041b28e2cc3f8ba1895f14fdbf83270695

COCOAPODS: 1.1.1
